// !$*UTF8*$!
{
	archiveVersion = 1;
	classes = {
	};
	objectVersion = 56;
	objects = {

/* Begin PBXBuildFile section */
		BC45C0AE2C7BE784009AF0B3 /* AppDelegate.swift in Sources */ = {isa = PBXBuildFile; fileRef = BC45C0AD2C7BE784009AF0B3 /* AppDelegate.swift */; };
		BC45C0B02C7BE784009AF0B3 /* SceneDelegate.swift in Sources */ = {isa = PBXBuildFile; fileRef = BC45C0AF2C7BE784009AF0B3 /* SceneDelegate.swift */; };
		BC45C0B72C7BE785009AF0B3 /* Assets.xcassets in Resources */ = {isa = PBXBuildFile; fileRef = BC45C0B62C7BE785009AF0B3 /* Assets.xcassets */; };
		BC45C0D32C7BEB04009AF0B3 /* SecondTabCoordinator.swift in Sources */ = {isa = PBXBuildFile; fileRef = BC45C0C32C7BEB04009AF0B3 /* SecondTabCoordinator.swift */; };
		BC45C0D62C7BEB04009AF0B3 /* CoordinatedView.swift in Sources */ = {isa = PBXBuildFile; fileRef = BC45C0C72C7BEB04009AF0B3 /* CoordinatedView.swift */; };
		BC45C0D72C7BEB04009AF0B3 /* FirstTabCoordinator.swift in Sources */ = {isa = PBXBuildFile; fileRef = BC45C0C82C7BEB04009AF0B3 /* FirstTabCoordinator.swift */; };
		BC45C0DA2C7BEB04009AF0B3 /* ChildCoordinator.swift in Sources */ = {isa = PBXBuildFile; fileRef = BC45C0CC2C7BEB04009AF0B3 /* ChildCoordinator.swift */; };
		BC45C0DD2C7BEB04009AF0B3 /* TabBarCoordinator.swift in Sources */ = {isa = PBXBuildFile; fileRef = BC45C0D02C7BEB04009AF0B3 /* TabBarCoordinator.swift */; };
		BC45C0E12C7BEB34009AF0B3 /* Coordinator.swift in Sources */ = {isa = PBXBuildFile; fileRef = BC45C0E02C7BEB34009AF0B3 /* Coordinator.swift */; };
		BC45C0E82C83E39C009AF0B3 /* PresentationDelegate.swift in Sources */ = {isa = PBXBuildFile; fileRef = BC45C0E72C83E39C009AF0B3 /* PresentationDelegate.swift */; };
		BC45C0EA2C83EB54009AF0B3 /* FirstTabScreen.swift in Sources */ = {isa = PBXBuildFile; fileRef = BC45C0E92C83EB54009AF0B3 /* FirstTabScreen.swift */; };
		BC45C0EE2C84010E009AF0B3 /* ChildScreen.swift in Sources */ = {isa = PBXBuildFile; fileRef = BC45C0ED2C84010E009AF0B3 /* ChildScreen.swift */; };
		BC45C0F12C863EFE009AF0B3 /* DeeplinkCoordinator.swift in Sources */ = {isa = PBXBuildFile; fileRef = BC45C0F02C863EFE009AF0B3 /* DeeplinkCoordinator.swift */; };
		BC45C0F32C863F43009AF0B3 /* DeeplinkHandler.swift in Sources */ = {isa = PBXBuildFile; fileRef = BC45C0F22C863F43009AF0B3 /* DeeplinkHandler.swift */; };
		BC45C0F62C86429E009AF0B3 /* FirstTabDeeplinkHandler.swift in Sources */ = {isa = PBXBuildFile; fileRef = BC45C0F52C86429E009AF0B3 /* FirstTabDeeplinkHandler.swift */; };
		BC45C0F82C8673D3009AF0B3 /* ChildDeeplinkHandler.swift in Sources */ = {isa = PBXBuildFile; fileRef = BC45C0F72C8673D3009AF0B3 /* ChildDeeplinkHandler.swift */; };
		BC45C12F2C991B4A009AF0B3 /* FlowCoordinator.swift in Sources */ = {isa = PBXBuildFile; fileRef = BC45C12E2C991B4A009AF0B3 /* FlowCoordinator.swift */; };
		BC45C1312C991B56009AF0B3 /* CompositionCoordinator.swift in Sources */ = {isa = PBXBuildFile; fileRef = BC45C1302C991B56009AF0B3 /* CompositionCoordinator.swift */; };
/* End PBXBuildFile section */

/* Begin PBXFileReference section */
		BC45C0AA2C7BE784009AF0B3 /* UIKitCoordinatorExampleProject.app */ = {isa = PBXFileReference; explicitFileType = wrapper.application; includeInIndex = 0; path = UIKitCoordinatorExampleProject.app; sourceTree = BUILT_PRODUCTS_DIR; };
		BC45C0AD2C7BE784009AF0B3 /* AppDelegate.swift */ = {isa = PBXFileReference; lastKnownFileType = sourcecode.swift; path = AppDelegate.swift; sourceTree = "<group>"; };
		BC45C0AF2C7BE784009AF0B3 /* SceneDelegate.swift */ = {isa = PBXFileReference; lastKnownFileType = sourcecode.swift; path = SceneDelegate.swift; sourceTree = "<group>"; };
		BC45C0B62C7BE785009AF0B3 /* Assets.xcassets */ = {isa = PBXFileReference; lastKnownFileType = folder.assetcatalog; path = Assets.xcassets; sourceTree = "<group>"; };
		BC45C0BB2C7BE785009AF0B3 /* Info.plist */ = {isa = PBXFileReference; lastKnownFileType = text.plist.xml; path = Info.plist; sourceTree = "<group>"; };
		BC45C0C32C7BEB04009AF0B3 /* SecondTabCoordinator.swift */ = {isa = PBXFileReference; fileEncoding = 4; lastKnownFileType = sourcecode.swift; path = SecondTabCoordinator.swift; sourceTree = "<group>"; };
		BC45C0C72C7BEB04009AF0B3 /* CoordinatedView.swift */ = {isa = PBXFileReference; fileEncoding = 4; lastKnownFileType = sourcecode.swift; path = CoordinatedView.swift; sourceTree = "<group>"; };
		BC45C0C82C7BEB04009AF0B3 /* FirstTabCoordinator.swift */ = {isa = PBXFileReference; fileEncoding = 4; lastKnownFileType = sourcecode.swift; path = FirstTabCoordinator.swift; sourceTree = "<group>"; };
		BC45C0CC2C7BEB04009AF0B3 /* ChildCoordinator.swift */ = {isa = PBXFileReference; fileEncoding = 4; lastKnownFileType = sourcecode.swift; path = ChildCoordinator.swift; sourceTree = "<group>"; };
		BC45C0D02C7BEB04009AF0B3 /* TabBarCoordinator.swift */ = {isa = PBXFileReference; fileEncoding = 4; lastKnownFileType = sourcecode.swift; path = TabBarCoordinator.swift; sourceTree = "<group>"; };
		BC45C0E02C7BEB34009AF0B3 /* Coordinator.swift */ = {isa = PBXFileReference; lastKnownFileType = sourcecode.swift; path = Coordinator.swift; sourceTree = "<group>"; };
		BC45C0E72C83E39C009AF0B3 /* PresentationDelegate.swift */ = {isa = PBXFileReference; lastKnownFileType = sourcecode.swift; path = PresentationDelegate.swift; sourceTree = "<group>"; };
		BC45C0E92C83EB54009AF0B3 /* FirstTabScreen.swift */ = {isa = PBXFileReference; fileEncoding = 4; lastKnownFileType = sourcecode.swift; path = FirstTabScreen.swift; sourceTree = "<group>"; };
		BC45C0ED2C84010E009AF0B3 /* ChildScreen.swift */ = {isa = PBXFileReference; lastKnownFileType = sourcecode.swift; path = ChildScreen.swift; sourceTree = "<group>"; };
		BC45C0F02C863EFE009AF0B3 /* DeeplinkCoordinator.swift */ = {isa = PBXFileReference; lastKnownFileType = sourcecode.swift; path = DeeplinkCoordinator.swift; sourceTree = "<group>"; };
		BC45C0F22C863F43009AF0B3 /* DeeplinkHandler.swift */ = {isa = PBXFileReference; lastKnownFileType = sourcecode.swift; path = DeeplinkHandler.swift; sourceTree = "<group>"; };
		BC45C0F52C86429E009AF0B3 /* FirstTabDeeplinkHandler.swift */ = {isa = PBXFileReference; lastKnownFileType = sourcecode.swift; path = FirstTabDeeplinkHandler.swift; sourceTree = "<group>"; };
		BC45C0F72C8673D3009AF0B3 /* ChildDeeplinkHandler.swift */ = {isa = PBXFileReference; lastKnownFileType = sourcecode.swift; path = ChildDeeplinkHandler.swift; sourceTree = "<group>"; };
		BC45C12E2C991B4A009AF0B3 /* FlowCoordinator.swift */ = {isa = PBXFileReference; lastKnownFileType = sourcecode.swift; path = FlowCoordinator.swift; sourceTree = "<group>"; };
		BC45C1302C991B56009AF0B3 /* CompositionCoordinator.swift */ = {isa = PBXFileReference; lastKnownFileType = sourcecode.swift; path = CompositionCoordinator.swift; sourceTree = "<group>"; };
/* End PBXFileReference section */

/* Begin PBXFrameworksBuildPhase section */
		BC45C0A72C7BE784009AF0B3 /* Frameworks */ = {
			isa = PBXFrameworksBuildPhase;
			buildActionMask = 2147483647;
			files = (
			);
			runOnlyForDeploymentPostprocessing = 0;
		};
/* End PBXFrameworksBuildPhase section */

/* Begin PBXGroup section */
		BC45C0A12C7BE784009AF0B3 = {
			isa = PBXGroup;
			children = (
				BC45C0AC2C7BE784009AF0B3 /* UIKitCoordinatorExampleProject */,
				BC45C0AB2C7BE784009AF0B3 /* Products */,
			);
			sourceTree = "<group>";
		};
		BC45C0AB2C7BE784009AF0B3 /* Products */ = {
			isa = PBXGroup;
			children = (
				BC45C0AA2C7BE784009AF0B3 /* UIKitCoordinatorExampleProject.app */,
			);
			name = Products;
			sourceTree = "<group>";
		};
		BC45C0AC2C7BE784009AF0B3 /* UIKitCoordinatorExampleProject */ = {
			isa = PBXGroup;
			children = (
				BC45C0B62C7BE785009AF0B3 /* Assets.xcassets */,
				BC45C0BB2C7BE785009AF0B3 /* Info.plist */,
				BC45C0C22C7BE898009AF0B3 /* App */,
				BC45C0DF2C7BEB22009AF0B3 /* Coordinator */,
				BC45C0E22C7C09C3009AF0B3 /* CommonViews */,
				BC45C0EF2C863EC3009AF0B3 /* Deeplinks */,
				BC45C0E62C83E0B2009AF0B3 /* Helpers */,
				BC45C0C12C7BE7B5009AF0B3 /* Flows */,
			);
			path = UIKitCoordinatorExampleProject;
			sourceTree = "<group>";
		};
		BC45C0C12C7BE7B5009AF0B3 /* Flows */ = {
			isa = PBXGroup;
			children = (
				BC45C0CF2C7BEB04009AF0B3 /* ChildCoordinator */,
				BC45C0CB2C7BEB04009AF0B3 /* FirstTab */,
				BC45C0C62C7BEB04009AF0B3 /* SecondTab */,
				BC45C0D22C7BEB04009AF0B3 /* TabBar */,
			);
			path = Flows;
			sourceTree = "<group>";
		};
		BC45C0C22C7BE898009AF0B3 /* App */ = {
			isa = PBXGroup;
			children = (
				BC45C0AD2C7BE784009AF0B3 /* AppDelegate.swift */,
				BC45C0AF2C7BE784009AF0B3 /* SceneDelegate.swift */,
			);
			path = App;
			sourceTree = "<group>";
		};
		BC45C0C62C7BEB04009AF0B3 /* SecondTab */ = {
			isa = PBXGroup;
			children = (
				BC45C0C32C7BEB04009AF0B3 /* SecondTabCoordinator.swift */,
			);
			path = SecondTab;
			sourceTree = "<group>";
		};
		BC45C0CB2C7BEB04009AF0B3 /* FirstTab */ = {
			isa = PBXGroup;
			children = (
				BC45C0C82C7BEB04009AF0B3 /* FirstTabCoordinator.swift */,
				BC45C0E92C83EB54009AF0B3 /* FirstTabScreen.swift */,
			);
			path = FirstTab;
			sourceTree = "<group>";
		};
		BC45C0CF2C7BEB04009AF0B3 /* ChildCoordinator */ = {
			isa = PBXGroup;
			children = (
				BC45C0CC2C7BEB04009AF0B3 /* ChildCoordinator.swift */,
				BC45C0ED2C84010E009AF0B3 /* ChildScreen.swift */,
			);
			path = ChildCoordinator;
			sourceTree = "<group>";
		};
		BC45C0D22C7BEB04009AF0B3 /* TabBar */ = {
			isa = PBXGroup;
			children = (
				BC45C0D02C7BEB04009AF0B3 /* TabBarCoordinator.swift */,
			);
			path = TabBar;
			sourceTree = "<group>";
		};
		BC45C0DF2C7BEB22009AF0B3 /* Coordinator */ = {
			isa = PBXGroup;
			children = (
				BC45C0E02C7BEB34009AF0B3 /* Coordinator.swift */,
				BC45C12E2C991B4A009AF0B3 /* FlowCoordinator.swift */,
				BC45C1302C991B56009AF0B3 /* CompositionCoordinator.swift */,
			);
			path = Coordinator;
			sourceTree = "<group>";
		};
		BC45C0E22C7C09C3009AF0B3 /* CommonViews */ = {
			isa = PBXGroup;
			children = (
				BC45C0C72C7BEB04009AF0B3 /* CoordinatedView.swift */,
			);
			path = CommonViews;
			sourceTree = "<group>";
		};
		BC45C0E62C83E0B2009AF0B3 /* Helpers */ = {
			isa = PBXGroup;
			children = (
				BC45C0E72C83E39C009AF0B3 /* PresentationDelegate.swift */,
			);
			path = Helpers;
			sourceTree = "<group>";
		};
		BC45C0EF2C863EC3009AF0B3 /* Deeplinks */ = {
			isa = PBXGroup;
			children = (
				BC45C0F42C86428E009AF0B3 /* Handlers */,
				BC45C0F02C863EFE009AF0B3 /* DeeplinkCoordinator.swift */,
				BC45C0F22C863F43009AF0B3 /* DeeplinkHandler.swift */,
			);
			path = Deeplinks;
			sourceTree = "<group>";
		};
		BC45C0F42C86428E009AF0B3 /* Handlers */ = {
			isa = PBXGroup;
			children = (
				BC45C0F52C86429E009AF0B3 /* FirstTabDeeplinkHandler.swift */,
				BC45C0F72C8673D3009AF0B3 /* ChildDeeplinkHandler.swift */,
			);
			path = Handlers;
			sourceTree = "<group>";
		};
/* End PBXGroup section */

/* Begin PBXNativeTarget section */
		BC45C0A92C7BE784009AF0B3 /* UIKitCoordinatorExampleProject */ = {
			isa = PBXNativeTarget;
			buildConfigurationList = BC45C0BE2C7BE785009AF0B3 /* Build configuration list for PBXNativeTarget "UIKitCoordinatorExampleProject" */;
			buildPhases = (
				BC45C0A62C7BE784009AF0B3 /* Sources */,
				BC45C0A72C7BE784009AF0B3 /* Frameworks */,
				BC45C0A82C7BE784009AF0B3 /* Resources */,
			);
			buildRules = (
			);
			dependencies = (
			);
			name = UIKitCoordinatorExampleProject;
			productName = UIKitCoordinatorExampleProject;
			productReference = BC45C0AA2C7BE784009AF0B3 /* UIKitCoordinatorExampleProject.app */;
			productType = "com.apple.product-type.application";
		};
/* End PBXNativeTarget section */

/* Begin PBXProject section */
		BC45C0A22C7BE784009AF0B3 /* Project object */ = {
			isa = PBXProject;
			attributes = {
				BuildIndependentTargetsInParallel = 1;
				LastSwiftUpdateCheck = 1530;
				LastUpgradeCheck = 1530;
				TargetAttributes = {
					BC45C0A92C7BE784009AF0B3 = {
						CreatedOnToolsVersion = 15.3;
					};
				};
			};
			buildConfigurationList = BC45C0A52C7BE784009AF0B3 /* Build configuration list for PBXProject "UIKitCoordinatorExampleProject" */;
			compatibilityVersion = "Xcode 14.0";
			developmentRegion = en;
			hasScannedForEncodings = 0;
			knownRegions = (
				en,
				Base,
			);
			mainGroup = BC45C0A12C7BE784009AF0B3;
			productRefGroup = BC45C0AB2C7BE784009AF0B3 /* Products */;
			projectDirPath = "";
			projectRoot = "";
			targets = (
				BC45C0A92C7BE784009AF0B3 /* UIKitCoordinatorExampleProject */,
			);
		};
/* End PBXProject section */

/* Begin PBXResourcesBuildPhase section */
		BC45C0A82C7BE784009AF0B3 /* Resources */ = {
			isa = PBXResourcesBuildPhase;
			buildActionMask = 2147483647;
			files = (
				BC45C0B72C7BE785009AF0B3 /* Assets.xcassets in Resources */,
			);
			runOnlyForDeploymentPostprocessing = 0;
		};
/* End PBXResourcesBuildPhase section */

/* Begin PBXSourcesBuildPhase section */
		BC45C0A62C7BE784009AF0B3 /* Sources */ = {
			isa = PBXSourcesBuildPhase;
			buildActionMask = 2147483647;
			files = (
				BC45C0F12C863EFE009AF0B3 /* DeeplinkCoordinator.swift in Sources */,
				BC45C0F62C86429E009AF0B3 /* FirstTabDeeplinkHandler.swift in Sources */,
				BC45C0E12C7BEB34009AF0B3 /* Coordinator.swift in Sources */,
				BC45C0D32C7BEB04009AF0B3 /* SecondTabCoordinator.swift in Sources */,
				BC45C0EE2C84010E009AF0B3 /* ChildScreen.swift in Sources */,
				BC45C0F32C863F43009AF0B3 /* DeeplinkHandler.swift in Sources */,
				BC45C0EA2C83EB54009AF0B3 /* FirstTabScreen.swift in Sources */,
				BC45C0AE2C7BE784009AF0B3 /* AppDelegate.swift in Sources */,
				BC45C0B02C7BE784009AF0B3 /* SceneDelegate.swift in Sources */,
				BC45C0E82C83E39C009AF0B3 /* PresentationDelegate.swift in Sources */,
				BC45C0D62C7BEB04009AF0B3 /* CoordinatedView.swift in Sources */,
				BC45C0D72C7BEB04009AF0B3 /* FirstTabCoordinator.swift in Sources */,
				BC45C12F2C991B4A009AF0B3 /* FlowCoordinator.swift in Sources */,
				BC45C0F82C8673D3009AF0B3 /* ChildDeeplinkHandler.swift in Sources */,
				BC45C0DD2C7BEB04009AF0B3 /* TabBarCoordinator.swift in Sources */,
				BC45C0DA2C7BEB04009AF0B3 /* ChildCoordinator.swift in Sources */,
				BC45C1312C991B56009AF0B3 /* CompositionCoordinator.swift in Sources */,
			);
			runOnlyForDeploymentPostprocessing = 0;
		};
/* End PBXSourcesBuildPhase section */

/* Begin XCBuildConfiguration section */
		BC45C0BC2C7BE785009AF0B3 /* Debug */ = {
			isa = XCBuildConfiguration;
			buildSettings = {
				ALWAYS_SEARCH_USER_PATHS = NO;
				ASSETCATALOG_COMPILER_GENERATE_SWIFT_ASSET_SYMBOL_EXTENSIONS = YES;
				CLANG_ANALYZER_NONNULL = YES;
				CLANG_ANALYZER_NUMBER_OBJECT_CONVERSION = YES_AGGRESSIVE;
				CLANG_CXX_LANGUAGE_STANDARD = "gnu++20";
				CLANG_ENABLE_MODULES = YES;
				CLANG_ENABLE_OBJC_ARC = YES;
				CLANG_ENABLE_OBJC_WEAK = YES;
				CLANG_WARN_BLOCK_CAPTURE_AUTORELEASING = YES;
				CLANG_WARN_BOOL_CONVERSION = YES;
				CLANG_WARN_COMMA = YES;
				CLANG_WARN_CONSTANT_CONVERSION = YES;
				CLANG_WARN_DEPRECATED_OBJC_IMPLEMENTATIONS = YES;
				CLANG_WARN_DIRECT_OBJC_ISA_USAGE = YES_ERROR;
				CLANG_WARN_DOCUMENTATION_COMMENTS = YES;
				CLANG_WARN_EMPTY_BODY = YES;
				CLANG_WARN_ENUM_CONVERSION = YES;
				CLANG_WARN_INFINITE_RECURSION = YES;
				CLANG_WARN_INT_CONVERSION = YES;
				CLANG_WARN_NON_LITERAL_NULL_CONVERSION = YES;
				CLANG_WARN_OBJC_IMPLICIT_RETAIN_SELF = YES;
				CLANG_WARN_OBJC_LITERAL_CONVERSION = YES;
				CLANG_WARN_OBJC_ROOT_CLASS = YES_ERROR;
				CLANG_WARN_QUOTED_INCLUDE_IN_FRAMEWORK_HEADER = YES;
				CLANG_WARN_RANGE_LOOP_ANALYSIS = YES;
				CLANG_WARN_STRICT_PROTOTYPES = YES;
				CLANG_WARN_SUSPICIOUS_MOVE = YES;
				CLANG_WARN_UNGUARDED_AVAILABILITY = YES_AGGRESSIVE;
				CLANG_WARN_UNREACHABLE_CODE = YES;
				CLANG_WARN__DUPLICATE_METHOD_MATCH = YES;
				COPY_PHASE_STRIP = NO;
				DEBUG_INFORMATION_FORMAT = dwarf;
				ENABLE_STRICT_OBJC_MSGSEND = YES;
				ENABLE_TESTABILITY = YES;
				ENABLE_USER_SCRIPT_SANDBOXING = YES;
				GCC_C_LANGUAGE_STANDARD = gnu17;
				GCC_DYNAMIC_NO_PIC = NO;
				GCC_NO_COMMON_BLOCKS = YES;
				GCC_OPTIMIZATION_LEVEL = 0;
				GCC_PREPROCESSOR_DEFINITIONS = (
					"DEBUG=1",
					"$(inherited)",
				);
				GCC_WARN_64_TO_32_BIT_CONVERSION = YES;
				GCC_WARN_ABOUT_RETURN_TYPE = YES_ERROR;
				GCC_WARN_UNDECLARED_SELECTOR = YES;
				GCC_WARN_UNINITIALIZED_AUTOS = YES_AGGRESSIVE;
				GCC_WARN_UNUSED_FUNCTION = YES;
				GCC_WARN_UNUSED_VARIABLE = YES;
				IPHONEOS_DEPLOYMENT_TARGET = 16.0;
				LOCALIZATION_PREFERS_STRING_CATALOGS = YES;
				MTL_ENABLE_DEBUG_INFO = INCLUDE_SOURCE;
				MTL_FAST_MATH = YES;
				ONLY_ACTIVE_ARCH = YES;
				SDKROOT = iphoneos;
				SWIFT_ACTIVE_COMPILATION_CONDITIONS = "DEBUG $(inherited)";
				SWIFT_OPTIMIZATION_LEVEL = "-Onone";
			};
			name = Debug;
		};
		BC45C0BD2C7BE785009AF0B3 /* Release */ = {
			isa = XCBuildConfiguration;
			buildSettings = {
				ALWAYS_SEARCH_USER_PATHS = NO;
				ASSETCATALOG_COMPILER_GENERATE_SWIFT_ASSET_SYMBOL_EXTENSIONS = YES;
				CLANG_ANALYZER_NONNULL = YES;
				CLANG_ANALYZER_NUMBER_OBJECT_CONVERSION = YES_AGGRESSIVE;
				CLANG_CXX_LANGUAGE_STANDARD = "gnu++20";
				CLANG_ENABLE_MODULES = YES;
				CLANG_ENABLE_OBJC_ARC = YES;
				CLANG_ENABLE_OBJC_WEAK = YES;
				CLANG_WARN_BLOCK_CAPTURE_AUTORELEASING = YES;
				CLANG_WARN_BOOL_CONVERSION = YES;
				CLANG_WARN_COMMA = YES;
				CLANG_WARN_CONSTANT_CONVERSION = YES;
				CLANG_WARN_DEPRECATED_OBJC_IMPLEMENTATIONS = YES;
				CLANG_WARN_DIRECT_OBJC_ISA_USAGE = YES_ERROR;
				CLANG_WARN_DOCUMENTATION_COMMENTS = YES;
				CLANG_WARN_EMPTY_BODY = YES;
				CLANG_WARN_ENUM_CONVERSION = YES;
				CLANG_WARN_INFINITE_RECURSION = YES;
				CLANG_WARN_INT_CONVERSION = YES;
				CLANG_WARN_NON_LITERAL_NULL_CONVERSION = YES;
				CLANG_WARN_OBJC_IMPLICIT_RETAIN_SELF = YES;
				CLANG_WARN_OBJC_LITERAL_CONVERSION = YES;
				CLANG_WARN_OBJC_ROOT_CLASS = YES_ERROR;
				CLANG_WARN_QUOTED_INCLUDE_IN_FRAMEWORK_HEADER = YES;
				CLANG_WARN_RANGE_LOOP_ANALYSIS = YES;
				CLANG_WARN_STRICT_PROTOTYPES = YES;
				CLANG_WARN_SUSPICIOUS_MOVE = YES;
				CLANG_WARN_UNGUARDED_AVAILABILITY = YES_AGGRESSIVE;
				CLANG_WARN_UNREACHABLE_CODE = YES;
				CLANG_WARN__DUPLICATE_METHOD_MATCH = YES;
				COPY_PHASE_STRIP = NO;
				DEBUG_INFORMATION_FORMAT = "dwarf-with-dsym";
				ENABLE_NS_ASSERTIONS = NO;
				ENABLE_STRICT_OBJC_MSGSEND = YES;
				ENABLE_USER_SCRIPT_SANDBOXING = YES;
				GCC_C_LANGUAGE_STANDARD = gnu17;
				GCC_NO_COMMON_BLOCKS = YES;
				GCC_WARN_64_TO_32_BIT_CONVERSION = YES;
				GCC_WARN_ABOUT_RETURN_TYPE = YES_ERROR;
				GCC_WARN_UNDECLARED_SELECTOR = YES;
				GCC_WARN_UNINITIALIZED_AUTOS = YES_AGGRESSIVE;
				GCC_WARN_UNUSED_FUNCTION = YES;
				GCC_WARN_UNUSED_VARIABLE = YES;
				IPHONEOS_DEPLOYMENT_TARGET = 16.0;
				LOCALIZATION_PREFERS_STRING_CATALOGS = YES;
				MTL_ENABLE_DEBUG_INFO = NO;
				MTL_FAST_MATH = YES;
				SDKROOT = iphoneos;
				SWIFT_COMPILATION_MODE = wholemodule;
				VALIDATE_PRODUCT = YES;
			};
			name = Release;
		};
		BC45C0BF2C7BE785009AF0B3 /* Debug */ = {
			isa = XCBuildConfiguration;
			buildSettings = {
				ASSETCATALOG_COMPILER_APPICON_NAME = AppIcon;
				ASSETCATALOG_COMPILER_GLOBAL_ACCENT_COLOR_NAME = AccentColor;
				CODE_SIGN_STYLE = Automatic;
				CURRENT_PROJECT_VERSION = 1;
				GENERATE_INFOPLIST_FILE = YES;
				INFOPLIST_FILE = UIKitCoordinatorExampleProject/Info.plist;
				INFOPLIST_KEY_UIApplicationSupportsIndirectInputEvents = YES;
				INFOPLIST_KEY_UILaunchStoryboardName = LaunchScreen;
				INFOPLIST_KEY_UISupportedInterfaceOrientations_iPad = "UIInterfaceOrientationPortrait UIInterfaceOrientationPortraitUpsideDown UIInterfaceOrientationLandscapeLeft UIInterfaceOrientationLandscapeRight";
				INFOPLIST_KEY_UISupportedInterfaceOrientations_iPhone = "UIInterfaceOrientationPortrait UIInterfaceOrientationLandscapeLeft UIInterfaceOrientationLandscapeRight";
				LD_RUNPATH_SEARCH_PATHS = (
					"$(inherited)",
					"@executable_path/Frameworks",
				);
				MARKETING_VERSION = 1.0;
				PRODUCT_BUNDLE_IDENTIFIER = com.test.UIKitCoordinatorExampleProject;
				PRODUCT_NAME = "$(TARGET_NAME)";
				SWIFT_EMIT_LOC_STRINGS = YES;
				SWIFT_VERSION = 5.0;
				TARGETED_DEVICE_FAMILY = "1,2";
			};
			name = Debug;
		};
		BC45C0C02C7BE785009AF0B3 /* Release */ = {
			isa = XCBuildConfiguration;
			buildSettings = {
				ASSETCATALOG_COMPILER_APPICON_NAME = AppIcon;
				ASSETCATALOG_COMPILER_GLOBAL_ACCENT_COLOR_NAME = AccentColor;
				CODE_SIGN_STYLE = Automatic;
				CURRENT_PROJECT_VERSION = 1;
				GENERATE_INFOPLIST_FILE = YES;
				INFOPLIST_FILE = UIKitCoordinatorExampleProject/Info.plist;
				INFOPLIST_KEY_UIApplicationSupportsIndirectInputEvents = YES;
				INFOPLIST_KEY_UILaunchStoryboardName = LaunchScreen;
				INFOPLIST_KEY_UISupportedInterfaceOrientations_iPad = "UIInterfaceOrientationPortrait UIInterfaceOrientationPortraitUpsideDown UIInterfaceOrientationLandscapeLeft UIInterfaceOrientationLandscapeRight";
				INFOPLIST_KEY_UISupportedInterfaceOrientations_iPhone = "UIInterfaceOrientationPortrait UIInterfaceOrientationLandscapeLeft UIInterfaceOrientationLandscapeRight";
				LD_RUNPATH_SEARCH_PATHS = (
					"$(inherited)",
					"@executable_path/Frameworks",
				);
				MARKETING_VERSION = 1.0;
				PRODUCT_BUNDLE_IDENTIFIER = com.test.UIKitCoordinatorExampleProject;
				PRODUCT_NAME = "$(TARGET_NAME)";
				SWIFT_EMIT_LOC_STRINGS = YES;
				SWIFT_VERSION = 5.0;
				TARGETED_DEVICE_FAMILY = "1,2";
			};
			name = Release;
		};
/* End XCBuildConfiguration section */

/* Begin XCConfigurationList section */
		BC45C0A52C7BE784009AF0B3 /* Build configuration list for PBXProject "UIKitCoordinatorExampleProject" */ = {
			isa = XCConfigurationList;
			buildConfigurations = (
				BC45C0BC2C7BE785009AF0B3 /* Debug */,
				BC45C0BD2C7BE785009AF0B3 /* Release */,
			);
			defaultConfigurationIsVisible = 0;
			defaultConfigurationName = Release;
		};
		BC45C0BE2C7BE785009AF0B3 /* Build configuration list for PBXNativeTarget "UIKitCoordinatorExampleProject" */ = {
			isa = XCConfigurationList;
			buildConfigurations = (
				BC45C0BF2C7BE785009AF0B3 /* Debug */,
				BC45C0C02C7BE785009AF0B3 /* Release */,
			);
			defaultConfigurationIsVisible = 0;
			defaultConfigurationName = Release;
		};
/* End XCConfigurationList section */
	};
	rootObject = BC45C0A22C7BE784009AF0B3 /* Project object */;
}
